
Microsoft Visual Studio Solution File, Format Version 12.00
# Visual Studio Version 17
VisualStudioVersion = 17.14.36414.22
MinimumVisualStudioVersion = 10.0.40219.1
Project("{FAE04EC0-301F-11D3-BF4B-00C04F79EFBC}") = "ava", "ava\ava.csproj", "{6FC0BFF7-C82E-4912-A911-31F3FAD3BB17}"
EndProject
Project("{FAE04EC0-301F-11D3-BF4B-00C04F79EFBC}") = "ava1", "ava1\ava1.csproj", "{1BB243C2-3D9A-4EE5-A986-2770CCAD866A}"
EndProject
Project("{FAE04EC0-301F-11D3-BF4B-00C04F79EFBC}") = "ava.ClassLib", "ava.ClassLib\ava.ClassLib.csproj", "{113A0E35-F83A-4F71-95D4-DDE0A1A7DA3F}"
EndProject
Global
	GlobalSection(SolutionConfigurationPlatforms) = preSolution
		Debug|Any CPU = Debug|Any CPU
		Release|Any CPU = Release|Any CPU
	EndGlobalSection
	GlobalSection(ProjectConfigurationPlatforms) = postSolution
		{6FC0BFF7-C82E-4912-A911-31F3FAD3BB17}.Debug|Any CPU.ActiveCfg = Debug|Any CPU
		{6FC0BFF7-C82E-4912-A911-31F3FAD3BB17}.Debug|Any CPU.Build.0 = Debug|Any CPU
		{6FC0BFF7-C82E-4912-A911-31F3FAD3BB17}.Release|Any CPU.ActiveCfg = Release|Any CPU
		{6FC0BFF7-C82E-4912-A911-31F3FAD3BB17}.Release|Any CPU.Build.0 = Release|Any CPU
		{1BB243C2-3D9A-4EE5-A986-2770CCAD866A}.Debug|Any CPU.ActiveCfg = Debug|Any CPU
		{1BB243C2-3D9A-4EE5-A986-2770CCAD866A}.Debug|Any CPU.Build.0 = Debug|Any CPU
		{1BB243C2-3D9A-4EE5-A986-2770CCAD866A}.Release|Any CPU.ActiveCfg = Release|Any CPU
		{1BB243C2-3D9A-4EE5-A986-2770CCAD866A}.Release|Any CPU.Build.0 = Release|Any CPU
		{113A0E35-F83A-4F71-95D4-DDE0A1A7DA3F}.Debug|Any CPU.ActiveCfg = Debug|Any CPU
		{113A0E35-F83A-4F71-95D4-DDE0A1A7DA3F}.Debug|Any CPU.Build.0 = Debug|Any CPU
		{113A0E35-F83A-4F71-95D4-DDE0A1A7DA3F}.Release|Any CPU.ActiveCfg = Release|Any CPU
		{113A0E35-F83A-4F71-95D4-DDE0A1A7DA3F}.Release|Any CPU.Build.0 = Release|Any CPU
	EndGlobalSection
	GlobalSection(SolutionProperties) = preSolution
		HideSolutionNode = FALSE
	EndGlobalSection
	GlobalSection(ExtensibilityGlobals) = postSolution
		SolutionGuid = {539C412F-555D-4728-9848-E1E2FC592C0F}
	EndGlobalSection
EndGlobal
